
Microsoft Visual Studio Solution File, Format Version 12.00
Project("{FAE04EC0-301F-11D3-BF4B-00C04F79EFBC}") = "calc", "calc.csproj", "{C5A8E988-9590-4897-93B5-BB87454F6144}"
EndProject
Global
	GlobalSection(SolutionConfigurationPlatforms) = preSolution
		Debug|Any CPU = Debug|Any CPU
		Release|Any CPU = Release|Any CPU
	EndGlobalSection
	GlobalSection(ProjectConfigurationPlatforms) = postSolution
		{C5A8E988-9590-4897-93B5-BB87454F6144}.Debug|Any CPU.ActiveCfg = Debug|Any CPU
		{C5A8E988-9590-4897-93B5-BB87454F6144}.Debug|Any CPU.Build.0 = Debug|Any CPU
		{C5A8E988-9590-4897-93B5-BB87454F6144}.Release|Any CPU.ActiveCfg = Release|Any CPU
		{C5A8E988-9590-4897-93B5-BB87454F6144}.Release|Any CPU.Build.0 = Release|Any CPU
	EndGlobalSection
EndGlobal
